
Microsoft Visual Studio Solution File, Format Version 12.00
# Visual Studio 2013
VisualStudioVersion = 12.0.31101.0
MinimumVisualStudioVersion = 10.0.40219.1
Project("{F184B08F-C81C-45F6-A57F-5ABD9991F28F}") = "Dep", "Dep\Dep.vbproj", "{03E01471-4C32-4A75-A98E-FCE35A6C39A3}"
EndProject
Project("{F184B08F-C81C-45F6-A57F-5ABD9991F28F}") = "Dep.Tests", "Dep.Tests\Dep.Tests.vbproj", "{ADFD0520-4AEB-44FF-942D-98795C970A0E}"
EndProject
Global
	GlobalSection(SolutionConfigurationPlatforms) = preSolution
		Debug|Any CPU = Debug|Any CPU
		Release|Any CPU = Release|Any CPU
	EndGlobalSection
	GlobalSection(ProjectConfigurationPlatforms) = postSolution
		{03E01471-4C32-4A75-A98E-FCE35A6C39A3}.Debug|Any CPU.ActiveCfg = Debug|Any CPU
		{03E01471-4C32-4A75-A98E-FCE35A6C39A3}.Debug|Any CPU.Build.0 = Debug|Any CPU
		{03E01471-4C32-4A75-A98E-FCE35A6C39A3}.Release|Any CPU.ActiveCfg = Release|Any CPU
		{03E01471-4C32-4A75-A98E-FCE35A6C39A3}.Release|Any CPU.Build.0 = Release|Any CPU
		{ADFD0520-4AEB-44FF-942D-98795C970A0E}.Debug|Any CPU.ActiveCfg = Debug|Any CPU
		{ADFD0520-4AEB-44FF-942D-98795C970A0E}.Debug|Any CPU.Build.0 = Debug|Any CPU
		{ADFD0520-4AEB-44FF-942D-98795C970A0E}.Release|Any CPU.ActiveCfg = Release|Any CPU
		{ADFD0520-4AEB-44FF-942D-98795C970A0E}.Release|Any CPU.Build.0 = Release|Any CPU
	EndGlobalSection
	GlobalSection(SolutionProperties) = preSolution
		HideSolutionNode = FALSE
	EndGlobalSection
EndGlobal
